
Microsoft Visual Studio Solution File, Format Version 11.00
# Visual Web Developer Express 2010
Project("{FAE04EC0-301F-11D3-BF4B-00C04F79EFBC}") = "MvcMusicStore2", "MvcMusicStore2\MvcMusicStore2.csproj", "{381E9543-4B26-49FA-8ED1-3F5963BED7EB}"
EndProject
Global
	GlobalSection(SolutionConfigurationPlatforms) = preSolution
		Debug|Any CPU = Debug|Any CPU
		Release|Any CPU = Release|Any CPU
	EndGlobalSection
	GlobalSection(ProjectConfigurationPlatforms) = postSolution
		{381E9543-4B26-49FA-8ED1-3F5963BED7EB}.Debug|Any CPU.ActiveCfg = Debug|Any CPU
		{381E9543-4B26-49FA-8ED1-3F5963BED7EB}.Debug|Any CPU.Build.0 = Debug|Any CPU
		{381E9543-4B26-49FA-8ED1-3F5963BED7EB}.Release|Any CPU.ActiveCfg = Release|Any CPU
		{381E9543-4B26-49FA-8ED1-3F5963BED7EB}.Release|Any CPU.Build.0 = Release|Any CPU
	EndGlobalSection
	GlobalSection(SolutionProperties) = preSolution
		HideSolutionNode = FALSE
	EndGlobalSection
EndGlobal
